version = 1
revision = 3
requires-python = "==3.12.*"
resolution-markers = [
    "platform_machine != 's390x'",
    "platform_machine == 's390x'",
]

[[package]]
name = "cloudpickle"
version = "3.1.2"
source = { registry = "https://pypi.org/simple" }
sdist = { url = "https://files.pythonhosted.org/packages/27/fb/576f067976d320f5f0114a8d9fa1215425441bb35627b1993e5afd8111e5/cloudpickle-3.1.2.tar.gz", hash = "sha256:7fda9eb655c9c230dab534f1983763de5835249750e85fbcef43aaa30a9a2414", size = 22330, upload-time = "2025-11-03T09:25:26.604Z" }
wheels = [
    { url = "https://files.pythonhosted.org/packages/88/39/799be3f2f0f38cc727ee3b4f1445fe6d5e4133064ec2e4115069418a5bb6/cloudpickle-3.1.2-py3-none-any.whl", hash = "sha256:9acb47f6afd73f60dc1df93bb801b472f05ff42fa6c84167d25cb206be1fbf4a", size = 22228, upload-time = "2025-11-03T09:25:25.534Z" },
]

[[package]]
name = "joblib"
version = "1.6.0"
source = { registry = "https://pypi.org/simple" }
dependencies = [
    { name = "cloudpickle" },
]
sdist = { url = "https://files.pythonhosted.org/packages/d5/1d/537ab090f302b838943a1b56497dd53059b9a9b46a074936470173a2e207/joblib-1.6.0.tar.gz", hash = "sha256:2ccc96785b12046c08fd6d55839c12857831b54a3c1673ffadd2f04bfc4eda03", size = 327903, upload-time = "2026-08-31T09:39:04.122Z" }
wheels = [
    { url = "https://files.pythonhosted.org/packages/18/53/84099323c2ec4be98d935f63c033ac4151ee83836ca1050ede3b3aadf155/joblib-1.6.0-py3-none-any.whl", hash = "sha256:3dbbf9f6e4b592a2357b854608e980fe6390d131d7a82f011a377ef2ebef7aba", size = 306115, upload-time = "2026-08-31T09:39:02.298Z" },
]

[[package]]
name = "lightgbm"
version = "4.6.0"
source = { registry = "https://pypi.org/simple" }
dependencies = [
    { name = "numpy" },
    { name = "scipy" },
]
sdist = { url = "https://files.pythonhosted.org/packages/68/0b/a2e9f5c5da7ef047cc60cef37f86185088845e8433e54d2e7ed439cce8a3/lightgbm-4.6.0.tar.gz", hash = "sha256:cb1c59720eb569389c0ba74d14f52351b573af489f230032a1c9f314f8bab7fe", size = 1703705, upload-time = "2025-02-15T04:03:03.111Z" }
wheels = [
    { url = "https://files.pythonhosted.org/packages/f2/75/cffc9962cca296bc5536896b7e65b4a7cdeb8db208e71b9c0133c08f8f7e/lightgbm-4.6.0-py3-none-macosx_10_15_x86_64.whl", hash = "sha256:b7a393de8a334d5c8e490df91270f0763f83f959574d504c7ccb9eee4aef70ed", size = 2010151, upload-time = "2025-02-15T04:02:50.961Z" },
    { url = "https://files.pythonhosted.org/packages/21/1b/550ee378512b78847930f5d74228ca1fdba2a7fbdeaac9aeccc085b0e257/lightgbm-4.6.0-py3-none-macosx_12_0_arm64.whl", hash = "sha256:2dafd98d4e02b844ceb0b61450a660681076b1ea6c7adb8c566dfd66832aafad", size = 1592172, upload-time = "2025-02-15T04:02:53.937Z" },
    { url = "https://files.pythonhosted.org/packages/64/41/4fbde2c3d29e25ee7c41d87df2f2e5eda65b431ee154d4d462c31041846c/lightgbm-4.6.0-py3-none-manylinux2014_aarch64.whl", hash = "sha256:4d68712bbd2b57a0b14390cbf9376c1d5ed773fa2e71e099cac588703b590336", size = 3454567, upload-time = "2025-02-15T04:02:56.443Z" },
    { url = "https://files.pythonhosted.org/packages/42/86/dabda8fbcb1b00bcfb0003c3776e8ade1aa7b413dff0a2c08f457dace22f/lightgbm-4.6.0-py3-none-manylinux_2_28_x86_64.whl", hash = "sha256:cb19b5afea55b5b61cbb2131095f50538bd608a00655f23ad5d25ae3e3bf1c8d", size = 3569831, upload-time = "2025-02-15T04:02:58.925Z" },
    { url = "https://files.pythonhosted.org/packages/5e/23/f8b28ca248bb629b9e08f877dd2965d1994e1674a03d67cd10c5246da248/lightgbm-4.6.0-py3-none-win_amd64.whl", hash = "sha256:37089ee95664b6550a7189d887dbf098e3eadab03537e411f52c63c121e3ba4b", size = 1451509, upload-time = "2025-02-15T04:03:01.515Z" },
]

[[package]]
name = "ml-dtypes"
version = "0.6.0"
source = { registry = "https://pypi.org/simple" }
dependencies = [
    { name = "numpy" },
]
sdist = { url = "https://files.pythonhosted.org/packages/12/72/307d7c4bd0600601c7133fba5cb78af7db968152951c1cd473abb1cda782/ml_dtypes-0.6.0.tar.gz", hash = "sha256:5e60251d32ced5598972e4d5e06a2f044341f9291402551a3f6f0ec44f9299b0", size = 3032327, upload-time = "2026-08-13T14:14:40.215Z" }
wheels = [
    { url = "https://files.pythonhosted.org/packages/84/6a/441eb053b078954f7fea284dfb288701884d0a1404d39babb858e1649023/ml_dtypes-0.6.0-cp312-cp312-macosx_10_13_universal2.whl", hash = "sha256:5359c588cc62de6f78d7430f06b65853d884955494d86d6ad90b6dd64a3f3a08", size = 565447, upload-time = "2026-08-13T14:14:01.737Z" },
    { url = "https://files.pythonhosted.org/packages/ed/cf/87e8a6c57eed63a91782a0d229856ddf73e138ce004dd71e2799a9dcdb33/ml_dtypes-0.6.0-cp312-cp312-manylinux_2_27_aarch64.manylinux_2_28_aarch64.whl", hash = "sha256:37da32aa97749251025666d62372775019594577b9c9e9cfda83bed48d778fdb", size = 360227, upload-time = "2026-08-13T14:14:02.938Z" },
    { url = "https://files.pythonhosted.org/packages/c7/f9/7d76c1eae866f5d4636401b31b6d6dd90e4b4ced1fa7cfdfcca9c60e4bd3/ml_dtypes-0.6.0-cp312-cp312-manylinux_2_27_x86_64.manylinux_2_28_x86_64.whl", hash = "sha256:3b4a480aa8fd54a1805b8ac10f3f91763926a74f73c0c364c10f9231854f4170", size = 409890, upload-time = "2026-08-13T14:14:04.248Z" },
    { url = "https://files.pythonhosted.org/packages/ba/db/9c61ec2760b5cbfb1c6558d5c991a6d8fd3271053c32db20506a9a90272b/ml_dtypes-0.6.0-cp312-cp312-win_amd64.whl", hash = "sha256:2a3e9d53925597fbffafd2a37048dadeddd0bdaba58058f6ae0869ed709a184d", size = 439333, upload-time = "2026-08-13T14:14:05.501Z" },
    { url = "https://files.pythonhosted.org/packages/6a/57/780ca3e5ab135b9fbdd8e5441abf5f801b30398371b691291e05ab9834c0/ml_dtypes-0.6.0-cp312-cp312-win_arm64.whl", hash = "sha256:6eaed129a4afe90694b8685e2f9b6294849f5eda4af9a15be83a4326eeebd775", size = 552268, upload-time = "2026-08-13T14:14:06.866Z" },
]

[[package]]
name = "numpy"
version = "2.3.5"
source = { registry = "https://pypi.org/simple" }
sdist = { url = "https://files.pythonhosted.org/packages/76/65/21b3bc86aac7b8f2862db1e808f1ea22b028e30a225a34a5ede9bf8678f2/numpy-2.3.5.tar.gz", hash = "sha256:784db1dcdab56bf0517743e746dfb0f885fc68d948aba86eeec2cba234bdf1c0", size = 20584950, upload-time = "2025-11-16T22:52:42.067Z" }
wheels = [
    { url = "https://files.pythonhosted.org/packages/44/37/e669fe6cbb2b96c62f6bbedc6a81c0f3b7362f6a59230b23caa673a85721/numpy-2.3.5-cp312-cp312-macosx_10_13_x86_64.whl", hash = "sha256:74ae7b798248fe62021dbf3c914245ad45d1a6b0cb4a29ecb4b31d0bfbc4cc3e", size = 16733873, upload-time = "2025-11-16T22:49:49.84Z" },
    { url = "https://files.pythonhosted.org/packages/c5/65/df0db6c097892c9380851ab9e44b52d4f7ba576b833996e0080181c0c439/numpy-2.3.5-cp312-cp312-macosx_11_0_arm64.whl", hash = "sha256:ee3888d9ff7c14604052b2ca5535a30216aa0a58e948cdd3eeb8d3415f638769", size = 12259838, upload-time = "2025-11-16T22:49:52.863Z" },
    { url = "https://files.pythonhosted.org/packages/5b/e1/1ee06e70eb2136797abe847d386e7c0e830b67ad1d43f364dd04fa50d338/numpy-2.3.5-cp312-cp312-macosx_14_0_arm64.whl", hash = "sha256:612a95a17655e213502f60cfb9bf9408efdc9eb1d5f50535cc6eb365d11b42b5", size = 5088378, upload-time = "2025-11-16T22:49:55.055Z" },
    { url = "https://files.pythonhosted.org/packages/6d/9c/1ca85fb86708724275103b81ec4cf1ac1d08f465368acfc8da7ab545bdae/numpy-2.3.5-cp312-cp312-macosx_14_0_x86_64.whl", hash = "sha256:3101e5177d114a593d79dd79658650fe28b5a0d8abeb8ce6f437c0e6df5be1a4", size = 6628559, upload-time = "2025-11-16T22:49:57.371Z" },
    { url = "https://files.pythonhosted.org/packages/74/78/fcd41e5a0ce4f3f7b003da85825acddae6d7ecb60cf25194741b036ca7d6/numpy-2.3.5-cp312-cp312-manylinux_2_27_aarch64.manylinux_2_28_aarch64.whl", hash = "sha256:8b973c57ff8e184109db042c842423ff4f60446239bd585a5131cc47f06f789d", size = 14250702, upload-time = "2025-11-16T22:49:59.632Z" },
    { url = "https://files.pythonhosted.org/packages/b6/23/2a1b231b8ff672b4c450dac27164a8b2ca7d9b7144f9c02d2396518352eb/numpy-2.3.5-cp312-cp312-manylinux_2_27_x86_64.manylinux_2_28_x86_64.whl", hash = "sha256:0d8163f43acde9a73c2a33605353a4f1bc4798745a8b1d73183b28e5b435ae28", size = 16606086, upload-time = "2025-11-16T22:50:02.127Z" },
    { url = "https://files.pythonhosted.org/packages/a0/c5/5ad26fbfbe2012e190cc7d5003e4d874b88bb18861d0829edc140a713021/numpy-2.3.5-cp312-cp312-musllinux_1_2_aarch64.whl", hash = "sha256:51c1e14eb1e154ebd80e860722f9e6ed6ec89714ad2db2d3aa33c31d7c12179b", size = 16025985, upload-time = "2025-11-16T22:50:04.536Z" },
    { url = "https://files.pythonhosted.org/packages/d2/fa/dd48e225c46c819288148d9d060b047fd2a6fb1eb37eae25112ee4cb4453/numpy-2.3.5-cp312-cp312-musllinux_1_2_x86_64.whl", hash = "sha256:b46b4ec24f7293f23adcd2d146960559aaf8020213de8ad1909dba6c013bf89c", size = 18542976, upload-time = "2025-11-16T22:50:07.557Z" },
    { url = "https://files.pythonhosted.org/packages/05/79/ccbd23a75862d95af03d28b5c6901a1b7da4803181513d52f3b86ed9446e/numpy-2.3.5-cp312-cp312-win32.whl", hash = "sha256:3997b5b3c9a771e157f9aae01dd579ee35ad7109be18db0e85dbdbe1de06e952", size = 6285274, upload-time = "2025-11-16T22:50:10.746Z" },
    { url = "https://files.pythonhosted.org/packages/2d/57/8aeaf160312f7f489dea47ab61e430b5cb051f59a98ae68b7133ce8fa06a/numpy-2.3.5-cp312-cp312-win_amd64.whl", hash = "sha256:86945f2ee6d10cdfd67bcb4069c1662dd711f7e2a4343db5cecec06b87cf31aa", size = 12782922, upload-time = "2025-11-16T22:50:12.811Z" },
    { url = "https://files.pythonhosted.org/packages/78/a6/aae5cc2ca78c45e64b9ef22f089141d661516856cf7c8a54ba434576900d/numpy-2.3.5-cp312-cp312-win_arm64.whl", hash = "sha256:f28620fe26bee16243be2b7b874da327312240a7cdc38b769a697578d2100013", size = 10194667, upload-time = "2025-11-16T22:50:16.16Z" },
]

[[package]]
name = "onnx"
version = "1.21.0"
source = { registry = "https://pypi.org/simple" }
dependencies = [
    { name = "ml-dtypes" },
    { name = "numpy" },
    { name = "protobuf" },
    { name = "typing-extensions" },
]
sdist = { url = "https://files.pythonhosted.org/packages/c5/93/942d2a0f6a70538eea042ce0445c8aefd46559ad153469986f29a743c01c/onnx-1.21.0.tar.gz", hash = "sha256:4d8b67d0aaec5864c87633188b91cc520877477ec0254eda122bef8be43cd764", size = 12074608, upload-time = "2026-03-27T21:33:36.118Z" }
wheels = [
    { url = "https://files.pythonhosted.org/packages/7d/ae/cb644ec84c25e63575d9d8790fdcc5d1a11d67d3f62f872edb35fa38d158/onnx-1.21.0-cp312-abi3-macosx_12_0_universal2.whl", hash = "sha256:fc2635400fe39ff37ebc4e75342cc54450eadadf39c540ff132c319bf4960095", size = 17965930, upload-time = "2026-03-27T21:32:48.089Z" },
    { url = "https://files.pythonhosted.org/packages/6f/b6/eeb5903586645ef8a49b4b7892580438741acc3df91d7a5bd0f3a59ea9cb/onnx-1.21.0-cp312-abi3-manylinux_2_26_aarch64.manylinux_2_28_aarch64.whl", hash = "sha256:9003d5206c01fa2ff4b46311566865d8e493e1a6998d4009ec6de39843f1b59b", size = 17531344, upload-time = "2026-03-27T21:32:50.837Z" },
    { url = "https://files.pythonhosted.org/packages/a7/00/4823f06357892d1e60d6f34e7299d2ba4ed2108c487cc394f7ce85a3ff14/onnx-1.21.0-cp312-abi3-manylinux_2_27_x86_64.manylinux_2_28_x86_64.whl", hash = "sha256:a9261bd580fb8548c9c37b3c6750387eb8f21ea43c63880d37b2c622e1684285", size = 17613697, upload-time = "2026-03-27T21:32:54.222Z" },
    { url = "https://files.pythonhosted.org/packages/23/1d/391f3c567ae068c8ac4f1d1316bae97c9eb45e702f05975fe0e17ad441f0/onnx-1.21.0-cp312-abi3-win32.whl", hash = "sha256:9ea4e824964082811938a9250451d89c4ec474fe42dd36c038bfa5df31993d1e", size = 16287200, upload-time = "2026-03-27T21:32:57.277Z" },
    { url = "https://files.pythonhosted.org/packages/9c/a6/5eefbe5b40ea96de95a766bd2e0e751f35bdea2d4b951991ec9afaa69531/onnx-1.21.0-cp312-abi3-win_amd64.whl", hash = "sha256:458d91948ad9a7729a347550553b49ab6939f9af2cddf334e2116e45467dc61f", size = 16441045, upload-time = "2026-03-27T21:33:00.081Z" },
    { url = "https://files.pythonhosted.org/packages/63/c4/0ed8dc037a39113d2a4d66e0005e07751c299c46b993f1ad5c2c35664c20/onnx-1.21.0-cp312-abi3-win_arm64.whl", hash = "sha256:ca14bc4842fccc3187eb538f07eabeb25a779b39388b006db4356c07403a7bbb", size = 16403134, upload-time = "2026-03-27T21:33:03.987Z" },
]

[[package]]
name = "onnxmltools"
version = "1.16.0"
source = { registry = "https://pypi.org/simple" }
dependencies = [
    { name = "numpy" },
    { name = "onnx" },
    { name = "protobuf" },
    { name = "skl2onnx" },
]
sdist = { url = "https://files.pythonhosted.org/packages/41/3e/85a40b6e56a8aaa45bffc9eb00f93182b87841b4dc5a4198ea609993e17c/onnxmltools-1.16.0.tar.gz", hash = "sha256:cd76e0a7ba6a3c4ca4acf3b4c7973cda6a70f2edc146ab11d4efc3dfbee6805a", size = 208397, upload-time = "2026-01-30T12:45:06.1Z" }
wheels = [
    { url = "https://files.pythonhosted.org/packages/fb/e6/6713d9a089a6861b4bf748f02a6238cb2759968aadf672dccef3e960376b/onnxmltools-1.16.0-py3-none-any.whl", hash = "sha256:7b27196e7dcc0d9de29110f211e7941ad1c71dd97606baa729144d9acd105d3c", size = 303991, upload-time = "2026-01-30T12:45:04.809Z" },
]

[[package]]
name = "pandas"
version = "2.3.3"
source = { registry = "https://pypi.org/simple" }
dependencies = [
    { name = "numpy" },
    { name = "python-dateutil" },
    { name = "pytz" },
    { name = "tzdata" },
]
sdist = { url = "https://files.pythonhosted.org/packages/33/01/d40b85317f86cf08d853a4f495195c73815fdf205eef3993821720274518/pandas-2.3.3.tar.gz", hash = "sha256:e05e1af93b977f7eafa636d043f9f94c7ee3ac81af99c13508215942e64c993b", size = 4495223, upload-time = "2025-09-29T23:34:51.853Z" }
wheels = [
    { url = "https://files.pythonhosted.org/packages/9c/fb/231d89e8637c808b997d172b18e9d4a4bc7bf31296196c260526055d1ea0/pandas-2.3.3-cp312-cp312-macosx_10_13_x86_64.whl", hash = "sha256:6d21f6d74eb1725c2efaa71a2bfc661a0689579b58e9c0ca58a739ff0b002b53", size = 11597846, upload-time = "2025-09-29T23:19:48.856Z" },
    { url = "https://files.pythonhosted.org/packages/5c/bd/bf8064d9cfa214294356c2d6702b716d3cf3bb24be59287a6a21e24cae6b/pandas-2.3.3-cp312-cp312-macosx_11_0_arm64.whl", hash = "sha256:3fd2f887589c7aa868e02632612ba39acb0b8948faf5cc58f0850e165bd46f35", size = 10729618, upload-time = "2025-09-29T23:39:08.659Z" },
    { url = "https://files.pythonhosted.org/packages/57/56/cf2dbe1a3f5271370669475ead12ce77c61726ffd19a35546e31aa8edf4e/pandas-2.3.3-cp312-cp312-manylinux_2_24_aarch64.manylinux_2_28_aarch64.whl", hash = "sha256:ecaf1e12bdc03c86ad4a7ea848d66c685cb6851d807a26aa245ca3d2017a1908", size = 11737212, upload-time = "2025-09-29T23:19:59.765Z" },
    { url = "https://files.pythonhosted.org/packages/e5/63/cd7d615331b328e287d8233ba9fdf191a9c2d11b6af0c7a59cfcec23de68/pandas-2.3.3-cp312-cp312-manylinux_2_24_x86_64.manylinux_2_28_x86_64.whl", hash = "sha256:b3d11d2fda7eb164ef27ffc14b4fcab16a80e1ce67e9f57e19ec0afaf715ba89", size = 12362693, upload-time = "2025-09-29T23:20:14.098Z" },
    { url = "https://files.pythonhosted.org/packages/a6/de/8b1895b107277d52f2b42d3a6806e69cfef0d5cf1d0ba343470b9d8e0a04/pandas-2.3.3-cp312-cp312-musllinux_1_2_aarch64.whl", hash = "sha256:a68e15f780eddf2b07d242e17a04aa187a7ee12b40b930bfdd78070556550e98", size = 12771002, upload-time = "2025-09-29T23:20:26.76Z" },
    { url = "https://files.pythonhosted.org/packages/87/21/84072af3187a677c5893b170ba2c8fbe450a6ff911234916da889b698220/pandas-2.3.3-cp312-cp312-musllinux_1_2_x86_64.whl", hash = "sha256:371a4ab48e950033bcf52b6527eccb564f52dc826c02afd9a1bc0ab731bba084", size = 13450971, upload-time = "2025-09-29T23:20:41.344Z" },
    { url = "https://files.pythonhosted.org/packages/86/41/585a168330ff063014880a80d744219dbf1dd7a1c706e75ab3425a987384/pandas-2.3.3-cp312-cp312-win_amd64.whl", hash = "sha256:a16dcec078a01eeef8ee61bf64074b4e524a2a3f4b3be9326420cabe59c4778b", size = 10992722, upload-time = "2025-09-29T23:20:54.139Z" },
]

[[package]]
name = "protobuf"
version = "7.36.2"
source = { registry = "https://pypi.org/simple" }
sdist = { url = "https://files.pythonhosted.org/packages/d9/89/5b8517baa72f84a67b8a307ba953c91057af618bf40bf676f3c03551f8f0/protobuf-7.36.2.tar.gz", hash = "sha256:497d0463ff3316681da6c0b9e8d06cb465d61abce00b613ab42226175644d1bb", size = 512737, upload-time = "2026-09-17T20:07:59.326Z" }
wheels = [
    { url = "https://files.pythonhosted.org/packages/32/72/98342feb672507c8f3a69e34b4fa8961f608edba5c1a48a6f47156d92cb5/protobuf-7.36.2-cp310-abi3-macosx_10_9_universal2.whl", hash = "sha256:cbc70b17ee27e28894c7fee8bb04be1abead49e936bc70eb60052531eee2079e", size = 456039, upload-time = "2026-09-17T20:07:51.542Z" },
    { url = "https://files.pythonhosted.org/packages/b6/ea/91fdf7c2b8bbd49cde056f00a9df6773532987e1c00fe2830b895af95c7e/protobuf-7.36.2-cp310-abi3-manylinux2014_aarch64.whl", hash = "sha256:e11e1f0180583a2af89db6a2ecd9e8dc40aa6d2988ca175bfd0e6d12ea72d74e", size = 344219, upload-time = "2026-09-17T20:07:52.914Z" },
    { url = "https://files.pythonhosted.org/packages/17/ab/5fd5f8ece73fad885c5a09aa849b32d70472f954ba3a92d3bb5974ea953b/protobuf-7.36.2-cp310-abi3-manylinux2014_s390x.whl", hash = "sha256:f4fee11ec330d238b34a05c9b675f693c20415d1c5bd7d5320cc2f8a798eb9cf", size = 357223, upload-time = "2026-09-17T20:07:53.985Z" },
    { url = "https://files.pythonhosted.org/packages/db/f3/3996583dd2906297a637af12114deddf7658af6e683fedb83be061983fb5/protobuf-7.36.2-cp310-abi3-manylinux2014_x86_64.whl", hash = "sha256:89f23aa53c24553a2416fd4fd1ec06f74fa42b14b546d8883128813f775bbfd2", size = 343223, upload-time = "2026-09-17T20:07:54.931Z" },
    { url = "https://files.pythonhosted.org/packages/fc/1b/dcc64f358fcb51811b58ae40b3d28f820725f116d86487cc20bd4b130701/protobuf-7.36.2-cp310-abi3-win32.whl", hash = "sha256:912c1221170e16c08d1f086762f563dd61ff83c18b5fa6652952dfaded66f728", size = 442998, upload-time = "2026-09-17T20:07:55.826Z" },
    { url = "https://files.pythonhosted.org/packages/8a/55/b77bda4e5e5f5971fb51b07663694690e9afdb9402136c16a522bd621cad/protobuf-7.36.2-cp310-abi3-win_amd64.whl", hash = "sha256:a300819d441e078a5608c0d3c709796bb548136058fda017ae51d425b44fd353", size = 456514, upload-time = "2026-09-17T20:07:57.188Z" },
    { url = "https://files.pythonhosted.org/packages/e4/04/d52c7016b04b6c5108f26691f9d33ec82a9b65d041f1a9c771137693d618/protobuf-7.36.2-py3-none-any.whl", hash = "sha256:bdb3a345d48db958e6ce1f18e508beb0cc981d64f24088427549c866cd039f1e", size = 179806, upload-time = "2026-09-17T20:07:58.211Z" },
]

[[package]]
name = "python-dateutil"
version = "2.9.0.post0"
source = { registry = "https://pypi.org/simple" }
dependencies = [
    { name = "six" },
]
sdist = { url = "https://files.pythonhosted.org/packages/66/c0/0c8b6ad9f17a802ee498c46e004a0eb49bc148f2fd230864601a86dcf6db/python-dateutil-2.9.0.post0.tar.gz", hash = "sha256:37dd54208da7e1cd875388217d5e00ebd4179249f90fb72437e91a35459a0ad3", size = 342432, upload-time = "2024-03-01T18:36:20.211Z" }
wheels = [
    { url = "https://files.pythonhosted.org/packages/ec/57/56b9bcc3c9c6a792fcbaf139543cee77261f3651ca9da0c93f5c1221264b/python_dateutil-2.9.0.post0-py2.py3-none-any.whl", hash = "sha256:a8b2bc7bffae282281c8140a97d3aa9c14da0b136dfe83f850eea9a5f7470427", size = 229892, upload-time = "2024-03-01T18:36:18.57Z" },
]

[[package]]
name = "pytz"
version = "2026.3.post1"
source = { registry = "https://pypi.org/simple" }
sdist = { url = "https://files.pythonhosted.org/packages/fb/48/fb042503b6ca6cd271261dc559fd6432f7d8c713153e9ec5c591af4dfc1c/pytz-2026.3.post1.tar.gz", hash = "sha256:2211d3fcf9a797d3405cac96ac7f61d80e6a644f72a3309607282fe8a2010c5d", size = 319745, upload-time = "2026-07-25T15:12:07.385Z" }
wheels = [
    { url = "https://files.pythonhosted.org/packages/0f/7b/39c34ca613b0b198cb866466651b26b045e2009864c5183c979a3b83f383/pytz-2026.3.post1-py2.py3-none-any.whl", hash = "sha256:dd95840dd199baea12d9cc096a1d452caa6596a1c1e4b5f3dbd1541855d5e815", size = 508283, upload-time = "2026-07-25T15:12:05.782Z" },
]

[[package]]
name = "scikit-learn"
version = "1.8.0"
source = { registry = "https://pypi.org/simple" }
dependencies = [
    { name = "joblib" },
    { name = "numpy" },
    { name = "scipy" },
    { name = "threadpoolctl" },
]
sdist = { url = "https://files.pythonhosted.org/packages/0e/d4/40988bf3b8e34feec1d0e6a051446b1f66225f8529b9309becaeef62b6c4/scikit_learn-1.8.0.tar.gz", hash = "sha256:9bccbb3b40e3de10351f8f5068e105d0f4083b1a65fa07b6634fbc401a6287fd", size = 7335585, upload-time = "2025-12-10T07:08:53.618Z" }
wheels = [
    { url = "https://files.pythonhosted.org/packages/90/74/e6a7cc4b820e95cc38cf36cd74d5aa2b42e8ffc2d21fe5a9a9c45c1c7630/scikit_learn-1.8.0-cp312-cp312-macosx_10_13_x86_64.whl", hash = "sha256:5fb63362b5a7ddab88e52b6dbb47dac3fd7dafeee740dc6c8d8a446ddedade8e", size = 8548242, upload-time = "2025-12-10T07:07:51.568Z" },
    { url = "https://files.pythonhosted.org/packages/49/d8/9be608c6024d021041c7f0b3928d4749a706f4e2c3832bbede4fb4f58c95/scikit_learn-1.8.0-cp312-cp312-macosx_12_0_arm64.whl", hash = "sha256:5025ce924beccb28298246e589c691fe1b8c1c96507e6d27d12c5fadd85bfd76", size = 8079075, upload-time = "2025-12-10T07:07:53.697Z" },
    { url = "https://files.pythonhosted.org/packages/dd/47/f187b4636ff80cc63f21cd40b7b2d177134acaa10f6bb73746130ee8c2e5/scikit_learn-1.8.0-cp312-cp312-manylinux_2_27_aarch64.manylinux_2_28_aarch64.whl", hash = "sha256:4496bb2cf7a43ce1a2d7524a79e40bc5da45cf598dbf9545b7e8316ccba47bb4", size = 8660492, upload-time = "2025-12-10T07:07:55.574Z" },
    { url = "https://files.pythonhosted.org/packages/97/74/b7a304feb2b49df9fafa9382d4d09061a96ee9a9449a7cbea7988dda0828/scikit_learn-1.8.0-cp312-cp312-manylinux_2_27_x86_64.manylinux_2_28_x86_64.whl", hash = "sha256:a0bcfe4d0d14aec44921545fd2af2338c7471de9cb701f1da4c9d85906ab847a", size = 8931904, upload-time = "2025-12-10T07:07:57.666Z" },
    { url = "https://files.pythonhosted.org/packages/9f/c4/0ab22726a04ede56f689476b760f98f8f46607caecff993017ac1b64aa5d/scikit_learn-1.8.0-cp312-cp312-win_amd64.whl", hash = "sha256:35c007dedb2ffe38fe3ee7d201ebac4a2deccd2408e8621d53067733e3c74809", size = 8019359, upload-time = "2025-12-10T07:07:59.838Z" },
    { url = "https://files.pythonhosted.org/packages/24/90/344a67811cfd561d7335c1b96ca21455e7e472d281c3c279c4d3f2300236/scikit_learn-1.8.0-cp312-cp312-win_arm64.whl", hash = "sha256:8c497fff237d7b4e07e9ef1a640887fa4fb765647f86fbe00f969ff6280ce2bb", size = 7641898, upload-time = "2025-12-10T07:08:01.36Z" },
]

[[package]]
name = "scipy"
version = "1.18.1"
source = { registry = "https://pypi.org/simple" }
dependencies = [
    { name = "numpy" },
]
sdist = { url = "https://files.pythonhosted.org/packages/7e/74/66de6258867beb2ef08f35f9f2ac017a52cacd5081714d239ff1a442d458/scipy-1.18.1.tar.gz", hash = "sha256:52c4b7422442aba924d03ad4019852b08a92e64ea187b933135687bfe2747307", size = 30781235, upload-time = "2026-08-21T23:28:50.599Z" }
wheels = [
    { url = "https://files.pythonhosted.org/packages/18/f7/240c110c08693826b4513a52f5717d62ec7c7af72f2920821247c03b17b3/scipy-1.18.1-cp312-cp312-macosx_10_15_x86_64.whl", hash = "sha256:457fd7a2a8edeb044ab6ffbc0aa03ff6cd18491356e5e0c834d76ce621b916d1", size = 31111061, upload-time = "2026-08-21T23:23:44.522Z" },
    { url = "https://files.pythonhosted.org/packages/05/4a/78c6285577c375e7cf27277ea8ee6961224327f1e1a0c44af5f17f23635c/scipy-1.18.1-cp312-cp312-macosx_12_0_arm64.whl", hash = "sha256:e708533e8b2ae2497d65346538a7dcc92814410b25b81432eac66de0f2af8265", size = 28733332, upload-time = "2026-08-21T23:23:50.015Z" },
    { url = "https://files.pythonhosted.org/packages/a5/f6/a5b82f8abbe14d134691b8b903696f701d25a081353a29dc655c364d9e62/scipy-1.18.1-cp312-cp312-macosx_14_0_arm64.whl", hash = "sha256:7bbf207c4453ce1ad2e00b17313852b33310b83090c2311bdaf97f93c0380d12", size = 20475078, upload-time = "2026-08-21T23:23:54.138Z" },
    { url = "https://files.pythonhosted.org/packages/23/22/0858a0bbd6b3e825ceb8cd9baf9eaf3b2f2b1d77727eb6be40500bcdc92f/scipy-1.18.1-cp312-cp312-macosx_14_0_x86_64.whl", hash = "sha256:78c0665edead396b1abb4897c41a5c1d9bf090c8a637a4c20a61678e0a264e66", size = 23108904, upload-time = "2026-08-21T23:23:57.824Z" },
    { url = "https://files.pythonhosted.org/packages/75/9a/2e71719f31eaefe0e3a1706c4a1ded94e664bfd95ffca2b219a671faee01/scipy-1.18.1-cp312-cp312-manylinux_2_27_aarch64.manylinux_2_28_aarch64.whl", hash = "sha256:3c085faa2cfa879c5141df483f836f4d691045a078224a670fa570fa01612d89", size = 34025113, upload-time = "2026-08-21T23:24:02.209Z" },
    { url = "https://files.pythonhosted.org/packages/df/64/ff35eb9e54894cf471ff4716abd3c81eb0a0626869217ce3e6ba4ccf17d7/scipy-1.18.1-cp312-cp312-manylinux_2_27_x86_64.manylinux_2_28_x86_64.whl", hash = "sha256:f55fa87b6c612ecd6b058f167c53231b1d14e412efe361d3d6e38b3631c73218", size = 35344199, upload-time = "2026-08-21T23:24:07.844Z" },
    { url = "https://files.pythonhosted.org/packages/d3/af/c5538be1792f7034c12c7db6ee67cace58253c7b87b122d68253eaf5de89/scipy-1.18.1-cp312-cp312-musllinux_1_2_aarch64.whl", hash = "sha256:c35d74ce0e193ff740c2f2be2ac913ddc232fe6c1ff40b26cfecb9c670c63314", size = 35639587, upload-time = "2026-08-21T23:24:13.05Z" },
    { url = "https://files.pythonhosted.org/packages/91/4c/075e4f66471bac101141ac739e9e135549be1bae584571bd03a530c056e1/scipy-1.18.1-cp312-cp312-musllinux_1_2_x86_64.whl", hash = "sha256:d2924a03db38dc2e848bca2fe9f077dafb891480b91a00a0963a8cf86dfc31c1", size = 37480330, upload-time = "2026-08-21T23:24:19.608Z" },
    { url = "https://files.pythonhosted.org/packages/39/e7/979fd14e75008623df31ba70d6bb144700f68feadcea042021c06a05bf82/scipy-1.18.1-cp312-cp312-win_amd64.whl", hash = "sha256:5e4d44984abc0020154ea81b247adeddcc3ac5527b975ff798bd1ba0adc513c2", size = 36658278, upload-time = "2026-08-21T23:24:25.463Z" },
    { url = "https://files.pythonhosted.org/packages/c7/0b/e1525354ff9d7d5feb6d1b31af6d14072e5c91e9607b421fa1ec889660b3/scipy-1.18.1-cp312-cp312-win_arm64.whl", hash = "sha256:d65d448389b8436493abcf629cc94ad0cf32aecaf06e1acca1de53cc795f2f12", size = 24400588, upload-time = "2026-08-21T23:24:30.579Z" },
]

[[package]]
name = "six"
version = "1.17.0"
source = { registry = "https://pypi.org/simple" }
sdist = { url = "https://files.pythonhosted.org/packages/94/e7/b2c673351809dca68a0e064b6af791aa332cf192da575fd474ed7d6f16a2/six-1.17.0.tar.gz", hash = "sha256:ff70335d468e7eb6ec65b95b99d3a2836546063f63acc5171de367e834932a81", size = 34031, upload-time = "2024-12-04T17:35:28.174Z" }
wheels = [
    { url = "https://files.pythonhosted.org/packages/b7/ce/149a00dd41f10bc29e5921b496af8b574d8413afcd5e30dfa0ed46c2cc5e/six-1.17.0-py2.py3-none-any.whl", hash = "sha256:4721f391ed90541fddacab5acf947aa0d3dc7d27b2e1e8eda2be8970586c3274", size = 11050, upload-time = "2024-12-04T17:35:26.475Z" },
]

[[package]]
name = "skl2onnx"
version = "1.20.0"
source = { registry = "https://pypi.org/simple" }
dependencies = [
    { name = "onnx" },
    { name = "scikit-learn" },
]
sdist = { url = "https://files.pythonhosted.org/packages/cb/39/a5015fefb613d5172541740540851a301c53392b57051cf4d313cb6d5718/skl2onnx-1.20.0.tar.gz", hash = "sha256:c74ea827d92ba186fe659695e8fc989cd97bfc320edce3d32b9936a5878da10a", size = 956369, upload-time = "2026-01-30T10:52:07.694Z" }
wheels = [
    { url = "https://files.pythonhosted.org/packages/24/d3/b0db77025a4683ec1b9aafc301b78c7e2e2059a1e2543e918435f3d03582/skl2onnx-1.20.0-py3-none-any.whl", hash = "sha256:30cac34803d1776c14b336ae945e48ef28debfc339215acde1cc04b963ed3f7b", size = 317169, upload-time = "2026-01-30T10:52:05.824Z" },
]

[[package]]
name = "threadpoolctl"
version = "3.7.0"
source = { registry = "https://pypi.org/simple" }
sdist = { url = "https://files.pythonhosted.org/packages/00/dc/6c58154c1c65f758ea979e7139cb76993a9cfc662d14e9be3c4a667cfb77/threadpoolctl-3.7.0.tar.gz", hash = "sha256:61348cfb77d53b9242e0017029244b559b810c142ced65b4e21eeca1843959a7", size = 31961, upload-time = "2026-09-15T15:46:20.263Z" }
wheels = [
    { url = "https://files.pythonhosted.org/packages/43/3f/f88a53f60a472b46f4023f56d204dd7de33d34c5d2acbfa0d70a674e639e/threadpoolctl-3.7.0-py3-none-any.whl", hash = "sha256:cd8b60b5641b45c67bbf73c64c843235fc2d8a480c87389f52f5dbee893b86be", size = 26362, upload-time = "2026-09-15T15:46:19.168Z" },
]

[[package]]
name = "titanic-training"
version = "0.1.0"
source = { virtual = "." }
dependencies = [
    { name = "lightgbm" },
    { name = "numpy" },
    { name = "onnx" },
    { name = "onnxmltools" },
    { name = "pandas" },
    { name = "scikit-learn" },
    { name = "skl2onnx" },
]

[package.metadata]
requires-dist = [
    { name = "lightgbm", specifier = "==4.6.0" },
    { name = "numpy", specifier = "==2.3.5" },
    { name = "onnx", specifier = "==1.21.0" },
    { name = "onnxmltools", specifier = "==1.16.0" },
    { name = "pandas", specifier = "==2.3.3" },
    { name = "scikit-learn", specifier = "==1.8.0" },
    { name = "skl2onnx", specifier = "==1.20.0" },
]

[[package]]
name = "typing-extensions"
version = "4.16.0"
source = { registry = "https://pypi.org/simple" }
sdist = { url = "https://files.pythonhosted.org/packages/f6/cc/6253133b5bb138fc3306cebfbda2c520f545d36b5be2c7255cc528bb45d6/typing_extensions-4.16.0.tar.gz", hash = "sha256:dc983d19a509c94dba722ee6abd33940f7c05a89e243c47e907eb4db6f1a43e5", size = 113555, upload-time = "2026-07-02T08:40:05.92Z" }
wheels = [
    { url = "https://files.pythonhosted.org/packages/49/d3/b8441a820a491ddfc024b0b0cf0393375b75ea13866d9c66727e54c2fc80/typing_extensions-4.16.0-py3-none-any.whl", hash = "sha256:481caa481374e813c1b176ada14e97f1f67a4539ce9cfeb3f350d78d6370c2e8", size = 45571, upload-time = "2026-07-02T08:40:04.659Z" },
]

[[package]]
name = "tzdata"
version = "2026.4"
source = { registry = "https://pypi.org/simple" }
sdist = { url = "https://files.pythonhosted.org/packages/e4/31/3d74fa778a63b98b7374323befcc0be5ab3bd94afd4096a0124e7379152c/tzdata-2026.4.tar.gz", hash = "sha256:f1b8bd365d8d210c55353f4d7f8d6d8561c0ba50d704b700d195a9424bba0d79", size = 199350, upload-time = "2026-09-12T12:56:03.251Z" }
wheels = [
    { url = "https://files.pythonhosted.org/packages/f9/bc/8737e8d54cf51106118039b83f485a4783112fab49ea9d044b234978a46e/tzdata-2026.4-py2.py3-none-any.whl", hash = "sha256:c2169a8b0a7a5e9674da5a135ccdfb2b3e671b333ed9fed17b41f73c34476e81", size = 347494, upload-time = "2026-09-12T12:56:01.67Z" },
]
